{
  "lockfileVersion": 1,
  "dependencies": {
    "dawa-autocomplete2": {
      "version": "0.10.0",
      "resolved": "https://registry.npmjs.org/dawa-autocomplete2/-/dawa-autocomplete2-0.10.0.tgz",
      "integrity": "sha512-Z1E8S1PUJ9SWrWXqbmSMOhJJojWZ8p6V/5WgCpgsiGNdlFaD3AAIlCeUUQ399k0MYJDf8u/SbiIlGSfJPwwvOw=="
    }
  }
}
